
Microsoft Visual Studio Solution File, Format Version 12.00
# Visual Studio Version 16
VisualStudioVersion = 16.0.29926.136
MinimumVisualStudioVersion = 10.0.40219.1
Project("{9A19103F-16F7-4668-BE54-9A1E7A4F7556}") = "Macrome", "Macrome.csproj", "{764036FF-43A2-42D3-90B8-F9B2B2E568D8}"
EndProject
Project("{9A19103F-16F7-4668-BE54-9A1E7A4F7556}") = "b2xtranslator", "b2xtranslator\Common\b2xtranslator.csproj", "{A9A38113-B2CD-4F0A-B7B6-783C5D0EBC30}"
EndProject
Project("{9A19103F-16F7-4668-BE54-9A1E7A4F7556}") = "b2xtranslator.xls", "b2xtranslator\Xls\b2xtranslator.xls.csproj", "{E3EAD2FE-ED7F-448B-A07F-12D1B96C9672}"
EndProject
Project("{9A19103F-16F7-4668-BE54-9A1E7A4F7556}") = "UnitTests", "UnitTests\UnitTests.csproj", "{763B33CB-5DBB-4D41-8AC6-3183D4F0FC47}"
EndProject
Global
	GlobalSection(SolutionConfigurationPlatforms) = preSolution
		Debug|Any CPU = Debug|Any CPU
		Release|Any CPU = Release|Any CPU
	EndGlobalSection
	GlobalSection(ProjectConfigurationPlatforms) = postSolution
		{764036FF-43A2-42D3-90B8-F9B2B2E568D8}.Debug|Any CPU.ActiveCfg = Debug|Any CPU
		{764036FF-43A2-42D3-90B8-F9B2B2E568D8}.Debug|Any CPU.Build.0 = Debug|Any CPU
		{764036FF-43A2-42D3-90B8-F9B2B2E568D8}.Release|Any CPU.ActiveCfg = Release|Any CPU
		{764036FF-43A2-42D3-90B8-F9B2B2E568D8}.Release|Any CPU.Build.0 = Release|Any CPU
		{A9A38113-B2CD-4F0A-B7B6-783C5D0EBC30}.Debug|Any CPU.ActiveCfg = Debug|Any CPU
		{A9A38113-B2CD-4F0A-B7B6-783C5D0EBC30}.Debug|Any CPU.Build.0 = Debug|Any CPU
		{A9A38113-B2CD-4F0A-B7B6-783C5D0EBC30}.Release|Any CPU.ActiveCfg = Release|Any CPU
		{A9A38113-B2CD-4F0A-B7B6-783C5D0EBC30}.Release|Any CPU.Build.0 = Release|Any CPU
		{E3EAD2FE-ED7F-448B-A07F-12D1B96C9672}.Debug|Any CPU.ActiveCfg = Debug|Any CPU
		{E3EAD2FE-ED7F-448B-A07F-12D1B96C9672}.Debug|Any CPU.Build.0 = Debug|Any CPU
		{E3EAD2FE-ED7F-448B-A07F-12D1B96C9672}.Release|Any CPU.ActiveCfg = Release|Any CPU
		{E3EAD2FE-ED7F-448B-A07F-12D1B96C9672}.Release|Any CPU.Build.0 = Release|Any CPU
		{763B33CB-5DBB-4D41-8AC6-3183D4F0FC47}.Debug|Any CPU.ActiveCfg = Debug|Any CPU
		{763B33CB-5DBB-4D41-8AC6-3183D4F0FC47}.Debug|Any CPU.Build.0 = Debug|Any CPU
		{763B33CB-5DBB-4D41-8AC6-3183D4F0FC47}.Release|Any CPU.ActiveCfg = Release|Any CPU
		{763B33CB-5DBB-4D41-8AC6-3183D4F0FC47}.Release|Any CPU.Build.0 = Release|Any CPU
	EndGlobalSection
	GlobalSection(SolutionProperties) = preSolution
		HideSolutionNode = FALSE
	EndGlobalSection
	GlobalSection(ExtensibilityGlobals) = postSolution
		SolutionGuid = {9ED16A61-DBF9-4DBB-8C7E-87C71F5B7713}
	EndGlobalSection
EndGlobal
